
Microsoft Visual Studio Solution File, Format Version 12.00
# Visual Studio Version 17
VisualStudioVersion = 17.3.32819.101
MinimumVisualStudioVersion = 10.0.40219.1
Project("{FAE04EC0-301F-11D3-BF4B-00C04F79EFBC}") = "RoyalKiddiesWard.API", "RoyalKiddiesWard.API\RoyalKiddiesWard.API.csproj", "{218AE1C5-DA09-4F60-8DCE-9C8A2D5133E3}"
EndProject
Project("{FAE04EC0-301F-11D3-BF4B-00C04F79EFBC}") = "RoyalKiddiesWard.Application", "RoyalKiddiesWard.Application\RoyalKiddiesWard.Application.csproj", "{BAD7C10B-A483-40DD-A1E3-5B84FD32B467}"
EndProject
Project("{FAE04EC0-301F-11D3-BF4B-00C04F79EFBC}") = "RoyalKiddiesWard.Data", "RoyalKiddiesWard.Data\RoyalKiddiesWard.Data.csproj", "{794C3F70-7C18-4331-BA04-BCFDE13DDB57}"
EndProject
Global
	GlobalSection(SolutionConfigurationPlatforms) = preSolution
		Debug|Any CPU = Debug|Any CPU
		Release|Any CPU = Release|Any CPU
	EndGlobalSection
	GlobalSection(ProjectConfigurationPlatforms) = postSolution
		{218AE1C5-DA09-4F60-8DCE-9C8A2D5133E3}.Debug|Any CPU.ActiveCfg = Debug|Any CPU
		{218AE1C5-DA09-4F60-8DCE-9C8A2D5133E3}.Debug|Any CPU.Build.0 = Debug|Any CPU
		{218AE1C5-DA09-4F60-8DCE-9C8A2D5133E3}.Release|Any CPU.ActiveCfg = Release|Any CPU
		{218AE1C5-DA09-4F60-8DCE-9C8A2D5133E3}.Release|Any CPU.Build.0 = Release|Any CPU
		{BAD7C10B-A483-40DD-A1E3-5B84FD32B467}.Debug|Any CPU.ActiveCfg = Debug|Any CPU
		{BAD7C10B-A483-40DD-A1E3-5B84FD32B467}.Debug|Any CPU.Build.0 = Debug|Any CPU
		{BAD7C10B-A483-40DD-A1E3-5B84FD32B467}.Release|Any CPU.ActiveCfg = Release|Any CPU
		{BAD7C10B-A483-40DD-A1E3-5B84FD32B467}.Release|Any CPU.Build.0 = Release|Any CPU
		{794C3F70-7C18-4331-BA04-BCFDE13DDB57}.Debug|Any CPU.ActiveCfg = Debug|Any CPU
		{794C3F70-7C18-4331-BA04-BCFDE13DDB57}.Debug|Any CPU.Build.0 = Debug|Any CPU
		{794C3F70-7C18-4331-BA04-BCFDE13DDB57}.Release|Any CPU.ActiveCfg = Release|Any CPU
		{794C3F70-7C18-4331-BA04-BCFDE13DDB57}.Release|Any CPU.Build.0 = Release|Any CPU
	EndGlobalSection
	GlobalSection(SolutionProperties) = preSolution
		HideSolutionNode = FALSE
	EndGlobalSection
	GlobalSection(ExtensibilityGlobals) = postSolution
		SolutionGuid = {FF5D050E-EBC7-4DA7-A64B-70E28CFE72B3}
	EndGlobalSection
EndGlobal
